
Microsoft Visual Studio Solution File, Format Version 12.00
# Visual Studio Version 16
VisualStudioVersion = 16.0.30330.147
MinimumVisualStudioVersion = 10.0.40219.1
Project("{FAE04EC0-301F-11D3-BF4B-00C04F79EFBC}") = "WebAPI2", "WebAPI2\WebAPI2.csproj", "{EC6DE928-295E-4D15-A875-07FA9B89E8D2}"
EndProject
Global
	GlobalSection(SolutionConfigurationPlatforms) = preSolution
		Debug|Any CPU = Debug|Any CPU
		Release|Any CPU = Release|Any CPU
	EndGlobalSection
	GlobalSection(ProjectConfigurationPlatforms) = postSolution
		{EC6DE928-295E-4D15-A875-07FA9B89E8D2}.Debug|Any CPU.ActiveCfg = Debug|Any CPU
		{EC6DE928-295E-4D15-A875-07FA9B89E8D2}.Debug|Any CPU.Build.0 = Debug|Any CPU
		{EC6DE928-295E-4D15-A875-07FA9B89E8D2}.Release|Any CPU.ActiveCfg = Release|Any CPU
		{EC6DE928-295E-4D15-A875-07FA9B89E8D2}.Release|Any CPU.Build.0 = Release|Any CPU
	EndGlobalSection
	GlobalSection(SolutionProperties) = preSolution
		HideSolutionNode = FALSE
	EndGlobalSection
	GlobalSection(ExtensibilityGlobals) = postSolution
		SolutionGuid = {696DEA96-0419-4643-9267-BFFB7BDB8DAB}
	EndGlobalSection
EndGlobal
